
Microsoft Visual Studio Solution File, Format Version 12.00
# Visual Studio Version 17
VisualStudioVersion = 17.11.35222.181
MinimumVisualStudioVersion = 10.0.40219.1
Project("{FAE04EC0-301F-11D3-BF4B-00C04F79EFBC}") = "DemoMod3", "DemoMod3.csproj", "{95E216F4-03AB-4EDB-A13B-6A8F287C655E}"
EndProject
Global
	GlobalSection(SolutionConfigurationPlatforms) = preSolution
		Debug|Any CPU = Debug|Any CPU
		Release|Any CPU = Release|Any CPU
	EndGlobalSection
	GlobalSection(ProjectConfigurationPlatforms) = postSolution
		{95E216F4-03AB-4EDB-A13B-6A8F287C655E}.Debug|Any CPU.ActiveCfg = Debug|Any CPU
		{95E216F4-03AB-4EDB-A13B-6A8F287C655E}.Debug|Any CPU.Build.0 = Debug|Any CPU
		{95E216F4-03AB-4EDB-A13B-6A8F287C655E}.Release|Any CPU.ActiveCfg = Release|Any CPU
		{95E216F4-03AB-4EDB-A13B-6A8F287C655E}.Release|Any CPU.Build.0 = Release|Any CPU
	EndGlobalSection
	GlobalSection(SolutionProperties) = preSolution
		HideSolutionNode = FALSE
	EndGlobalSection
	GlobalSection(ExtensibilityGlobals) = postSolution
		SolutionGuid = {88D27379-D149-46A7-902E-95A13F6BF8A5}
	EndGlobalSection
EndGlobal
