
Microsoft Visual Studio Solution File, Format Version 12.00
# Visual Studio Version 17
VisualStudioVersion = 17.9.34622.214
MinimumVisualStudioVersion = 10.0.40219.1
Project("{FAE04EC0-301F-11D3-BF4B-00C04F79EFBC}") = "DemoMod1", "DemoMod1.csproj", "{ECD886B7-0526-4684-94D7-56B33EB4EC98}"
EndProject
Global
	GlobalSection(SolutionConfigurationPlatforms) = preSolution
		Debug|Any CPU = Debug|Any CPU
		Release|Any CPU = Release|Any CPU
	EndGlobalSection
	GlobalSection(ProjectConfigurationPlatforms) = postSolution
		{ECD886B7-0526-4684-94D7-56B33EB4EC98}.Debug|Any CPU.ActiveCfg = Debug|Any CPU
		{ECD886B7-0526-4684-94D7-56B33EB4EC98}.Debug|Any CPU.Build.0 = Debug|Any CPU
		{ECD886B7-0526-4684-94D7-56B33EB4EC98}.Release|Any CPU.ActiveCfg = Release|Any CPU
		{ECD886B7-0526-4684-94D7-56B33EB4EC98}.Release|Any CPU.Build.0 = Release|Any CPU
	EndGlobalSection
	GlobalSection(SolutionProperties) = preSolution
		HideSolutionNode = FALSE
	EndGlobalSection
	GlobalSection(ExtensibilityGlobals) = postSolution
		SolutionGuid = {1595604F-C10D-4A92-B381-D30F82F07856}
	EndGlobalSection
EndGlobal
