
Microsoft Visual Studio Solution File, Format Version 12.00
# Visual Studio Version 17
VisualStudioVersion = 17.11.35222.181
MinimumVisualStudioVersion = 10.0.40219.1
Project("{9A19103F-16F7-4668-BE54-9A1E7A4F7556}") = "DemoMod4", "DemoMod4.csproj", "{CA1FBD7E-A40C-4071-8A79-CB00D038EAC4}"
EndProject
Global
	GlobalSection(SolutionConfigurationPlatforms) = preSolution
		Debug|Any CPU = Debug|Any CPU
		Release|Any CPU = Release|Any CPU
	EndGlobalSection
	GlobalSection(ProjectConfigurationPlatforms) = postSolution
		{CA1FBD7E-A40C-4071-8A79-CB00D038EAC4}.Debug|Any CPU.ActiveCfg = Debug|Any CPU
		{CA1FBD7E-A40C-4071-8A79-CB00D038EAC4}.Debug|Any CPU.Build.0 = Debug|Any CPU
		{CA1FBD7E-A40C-4071-8A79-CB00D038EAC4}.Debug|Any CPU.Deploy.0 = Debug|Any CPU
		{CA1FBD7E-A40C-4071-8A79-CB00D038EAC4}.Release|Any CPU.ActiveCfg = Release|Any CPU
		{CA1FBD7E-A40C-4071-8A79-CB00D038EAC4}.Release|Any CPU.Build.0 = Release|Any CPU
		{CA1FBD7E-A40C-4071-8A79-CB00D038EAC4}.Release|Any CPU.Deploy.0 = Release|Any CPU
	EndGlobalSection
	GlobalSection(SolutionProperties) = preSolution
		HideSolutionNode = FALSE
	EndGlobalSection
	GlobalSection(ExtensibilityGlobals) = postSolution
		SolutionGuid = {AC2B3582-4156-4787-AFAB-98A734C988D0}
	EndGlobalSection
EndGlobal
